
Microsoft Visual Studio Solution File, Format Version 12.00
# Visual Studio Version 16
VisualStudioVersion = 16.0.31005.135
MinimumVisualStudioVersion = 10.0.40219.1
Project("{FAE04EC0-301F-11D3-BF4B-00C04F79EFBC}") = "applicationDemo", "applicationDemo.csproj", "{15C2C912-3CB7-493D-83EC-871AA2B49762}"
EndProject
Global
	GlobalSection(SolutionConfigurationPlatforms) = preSolution
		Debug|Any CPU = Debug|Any CPU
		Release|Any CPU = Release|Any CPU
	EndGlobalSection
	GlobalSection(ProjectConfigurationPlatforms) = postSolution
		{15C2C912-3CB7-493D-83EC-871AA2B49762}.Debug|Any CPU.ActiveCfg = Debug|Any CPU
		{15C2C912-3CB7-493D-83EC-871AA2B49762}.Debug|Any CPU.Build.0 = Debug|Any CPU
		{15C2C912-3CB7-493D-83EC-871AA2B49762}.Release|Any CPU.ActiveCfg = Release|Any CPU
		{15C2C912-3CB7-493D-83EC-871AA2B49762}.Release|Any CPU.Build.0 = Release|Any CPU
	EndGlobalSection
	GlobalSection(SolutionProperties) = preSolution
		HideSolutionNode = FALSE
	EndGlobalSection
	GlobalSection(ExtensibilityGlobals) = postSolution
		SolutionGuid = {3EC38343-D843-4DB1-9C2C-385BD7B40597}
	EndGlobalSection
EndGlobal
